// !$*UTF8*$!
{
	archiveVersion = 1;
	classes = {
	};
	objectVersion = 56;
	objects = {

/* Begin PBXBuildFile section */
		3EE36F532BF0B1BE0067847B /* CounterFeatureTests.swift in Sources */ = {isa = PBXBuildFile; fileRef = 3EE36F522BF0B1BE0067847B /* CounterFeatureTests.swift */; };
		3EE36F5B2BF0BB9E0067847B /* NumberFactClient.swift in Sources */ = {isa = PBXBuildFile; fileRef = 3EE36F5A2BF0BB9E0067847B /* NumberFactClient.swift */; };
		3EE36F5D2BF0D2BC0067847B /* AppFeature.swift in Sources */ = {isa = PBXBuildFile; fileRef = 3EE36F5C2BF0D2BC0067847B /* AppFeature.swift */; };
		3EE36F5F2BF0DA990067847B /* AppFeatureTests.swift in Sources */ = {isa = PBXBuildFile; fileRef = 3EE36F5E2BF0DA990067847B /* AppFeatureTests.swift */; };
		3EF0AA562BEF155300229D50 /* TCASampleApp.swift in Sources */ = {isa = PBXBuildFile; fileRef = 3EF0AA552BEF155300229D50 /* TCASampleApp.swift */; };
		3EF0AA5A2BEF155800229D50 /* Assets.xcassets in Resources */ = {isa = PBXBuildFile; fileRef = 3EF0AA592BEF155800229D50 /* Assets.xcassets */; };
		3EF0AA5D2BEF155800229D50 /* Preview Assets.xcassets in Resources */ = {isa = PBXBuildFile; fileRef = 3EF0AA5C2BEF155800229D50 /* Preview Assets.xcassets */; };
		3EF0AA652BEF18C400229D50 /* ComposableArchitecture in Frameworks */ = {isa = PBXBuildFile; productRef = 3EF0AA642BEF18C400229D50 /* ComposableArchitecture */; };
		3EF0AA672BEF19D500229D50 /* CounterFeature.swift in Sources */ = {isa = PBXBuildFile; fileRef = 3EF0AA662BEF19D500229D50 /* CounterFeature.swift */; };
/* End PBXBuildFile section */

/* Begin PBXContainerItemProxy section */
		3EE36F542BF0B1BE0067847B /* PBXContainerItemProxy */ = {
			isa = PBXContainerItemProxy;
			containerPortal = 3EF0AA4A2BEF155300229D50 /* Project object */;
			proxyType = 1;
			remoteGlobalIDString = 3EF0AA512BEF155300229D50;
			remoteInfo = TCASample;
		};
/* End PBXContainerItemProxy section */

/* Begin PBXFileReference section */
		3EE36F502BF0B1BE0067847B /* TCASampleTests.xctest */ = {isa = PBXFileReference; explicitFileType = wrapper.cfbundle; includeInIndex = 0; path = TCASampleTests.xctest; sourceTree = BUILT_PRODUCTS_DIR; };
		3EE36F522BF0B1BE0067847B /* CounterFeatureTests.swift */ = {isa = PBXFileReference; lastKnownFileType = sourcecode.swift; path = CounterFeatureTests.swift; sourceTree = "<group>"; };
		3EE36F5A2BF0BB9E0067847B /* NumberFactClient.swift */ = {isa = PBXFileReference; lastKnownFileType = sourcecode.swift; path = NumberFactClient.swift; sourceTree = "<group>"; };
		3EE36F5C2BF0D2BC0067847B /* AppFeature.swift */ = {isa = PBXFileReference; lastKnownFileType = sourcecode.swift; path = AppFeature.swift; sourceTree = "<group>"; };
		3EE36F5E2BF0DA990067847B /* AppFeatureTests.swift */ = {isa = PBXFileReference; lastKnownFileType = sourcecode.swift; path = AppFeatureTests.swift; sourceTree = "<group>"; };
		3EF0AA522BEF155300229D50 /* TCASample.app */ = {isa = PBXFileReference; explicitFileType = wrapper.application; includeInIndex = 0; path = TCASample.app; sourceTree = BUILT_PRODUCTS_DIR; };
		3EF0AA552BEF155300229D50 /* TCASampleApp.swift */ = {isa = PBXFileReference; lastKnownFileType = sourcecode.swift; path = TCASampleApp.swift; sourceTree = "<group>"; };
		3EF0AA592BEF155800229D50 /* Assets.xcassets */ = {isa = PBXFileReference; lastKnownFileType = folder.assetcatalog; path = Assets.xcassets; sourceTree = "<group>"; };
		3EF0AA5C2BEF155800229D50 /* Preview Assets.xcassets */ = {isa = PBXFileReference; lastKnownFileType = folder.assetcatalog; path = "Preview Assets.xcassets"; sourceTree = "<group>"; };
		3EF0AA662BEF19D500229D50 /* CounterFeature.swift */ = {isa = PBXFileReference; lastKnownFileType = sourcecode.swift; path = CounterFeature.swift; sourceTree = "<group>"; };
		3EF8A8462BEF5F79004445A9 /* Info.plist */ = {isa = PBXFileReference; lastKnownFileType = text.plist; path = Info.plist; sourceTree = "<group>"; };
/* End PBXFileReference section */

/* Begin PBXFrameworksBuildPhase section */
		3EE36F4D2BF0B1BE0067847B /* Frameworks */ = {
			isa = PBXFrameworksBuildPhase;
			buildActionMask = 2147483647;
			files = (
			);
			runOnlyForDeploymentPostprocessing = 0;
		};
		3EF0AA4F2BEF155300229D50 /* Frameworks */ = {
			isa = PBXFrameworksBuildPhase;
			buildActionMask = 2147483647;
			files = (
				3EF0AA652BEF18C400229D50 /* ComposableArchitecture in Frameworks */,
			);
			runOnlyForDeploymentPostprocessing = 0;
		};
/* End PBXFrameworksBuildPhase section */

/* Begin PBXGroup section */
		3EE36F512BF0B1BE0067847B /* TCASampleTests */ = {
			isa = PBXGroup;
			children = (
				3EE36F522BF0B1BE0067847B /* CounterFeatureTests.swift */,
				3EE36F5E2BF0DA990067847B /* AppFeatureTests.swift */,
			);
			path = TCASampleTests;
			sourceTree = "<group>";
		};
		3EF0AA492BEF155300229D50 = {
			isa = PBXGroup;
			children = (
				3EF0AA542BEF155300229D50 /* TCASample */,
				3EE36F512BF0B1BE0067847B /* TCASampleTests */,
				3EF0AA532BEF155300229D50 /* Products */,
			);
			sourceTree = "<group>";
		};
		3EF0AA532BEF155300229D50 /* Products */ = {
			isa = PBXGroup;
			children = (
				3EF0AA522BEF155300229D50 /* TCASample.app */,
				3EE36F502BF0B1BE0067847B /* TCASampleTests.xctest */,
			);
			name = Products;
			sourceTree = "<group>";
		};
		3EF0AA542BEF155300229D50 /* TCASample */ = {
			isa = PBXGroup;
			children = (
				3EF8A8462BEF5F79004445A9 /* Info.plist */,
				3EF0AA552BEF155300229D50 /* TCASampleApp.swift */,
				3EE36F5A2BF0BB9E0067847B /* NumberFactClient.swift */,
				3EF0AA662BEF19D500229D50 /* CounterFeature.swift */,
				3EE36F5C2BF0D2BC0067847B /* AppFeature.swift */,
				3EF0AA592BEF155800229D50 /* Assets.xcassets */,
				3EF0AA5B2BEF155800229D50 /* Preview Content */,
			);
			path = TCASample;
			sourceTree = "<group>";
		};
		3EF0AA5B2BEF155800229D50 /* Preview Content */ = {
			isa = PBXGroup;
			children = (
				3EF0AA5C2BEF155800229D50 /* Preview Assets.xcassets */,
			);
			path = "Preview Content";
			sourceTree = "<group>";
		};
/* End PBXGroup section */

/* Begin PBXNativeTarget section */
		3EE36F4F2BF0B1BE0067847B /* TCASampleTests */ = {
			isa = PBXNativeTarget;
			buildConfigurationList = 3EE36F582BF0B1BE0067847B /* Build configuration list for PBXNativeTarget "TCASampleTests" */;
			buildPhases = (
				3EE36F4C2BF0B1BE0067847B /* Sources */,
				3EE36F4D2BF0B1BE0067847B /* Frameworks */,
				3EE36F4E2BF0B1BE0067847B /* Resources */,
			);
			buildRules = (
			);
			dependencies = (
				3EE36F552BF0B1BE0067847B /* PBXTargetDependency */,
			);
			name = TCASampleTests;
			productName = TCASampleTests;
			productReference = 3EE36F502BF0B1BE0067847B /* TCASampleTests.xctest */;
			productType = "com.apple.product-type.bundle.unit-test";
		};
		3EF0AA512BEF155300229D50 /* TCASample */ = {
			isa = PBXNativeTarget;
			buildConfigurationList = 3EF0AA602BEF155800229D50 /* Build configuration list for PBXNativeTarget "TCASample" */;
			buildPhases = (
				3EF0AA4E2BEF155300229D50 /* Sources */,
				3EF0AA4F2BEF155300229D50 /* Frameworks */,
				3EF0AA502BEF155300229D50 /* Resources */,
			);
			buildRules = (
			);
			dependencies = (
			);
			name = TCASample;
			packageProductDependencies = (
				3EF0AA642BEF18C400229D50 /* ComposableArchitecture */,
			);
			productName = TcaSample;
			productReference = 3EF0AA522BEF155300229D50 /* TCASample.app */;
			productType = "com.apple.product-type.application";
		};
/* End PBXNativeTarget section */

/* Begin PBXProject section */
		3EF0AA4A2BEF155300229D50 /* Project object */ = {
			isa = PBXProject;
			attributes = {
				BuildIndependentTargetsInParallel = 1;
				LastSwiftUpdateCheck = 1500;
				LastUpgradeCheck = 1500;
				TargetAttributes = {
					3EE36F4F2BF0B1BE0067847B = {
						CreatedOnToolsVersion = 15.0.1;
						TestTargetID = 3EF0AA512BEF155300229D50;
					};
					3EF0AA512BEF155300229D50 = {
						CreatedOnToolsVersion = 15.0.1;
					};
				};
			};
			buildConfigurationList = 3EF0AA4D2BEF155300229D50 /* Build configuration list for PBXProject "TCASample" */;
			compatibilityVersion = "Xcode 14.0";
			developmentRegion = en;
			hasScannedForEncodings = 0;
			knownRegions = (
				en,
				Base,
			);
			mainGroup = 3EF0AA492BEF155300229D50;
			packageReferences = (
				3EF0AA632BEF18C400229D50 /* XCRemoteSwiftPackageReference "swift-composable-architecture" */,
			);
			productRefGroup = 3EF0AA532BEF155300229D50 /* Products */;
			projectDirPath = "";
			projectRoot = "";
			targets = (
				3EF0AA512BEF155300229D50 /* TCASample */,
				3EE36F4F2BF0B1BE0067847B /* TCASampleTests */,
			);
		};
/* End PBXProject section */

/* Begin PBXResourcesBuildPhase section */
		3EE36F4E2BF0B1BE0067847B /* Resources */ = {
			isa = PBXResourcesBuildPhase;
			buildActionMask = 2147483647;
			files = (
			);
			runOnlyForDeploymentPostprocessing = 0;
		};
		3EF0AA502BEF155300229D50 /* Resources */ = {
			isa = PBXResourcesBuildPhase;
			buildActionMask = 2147483647;
			files = (
				3EF0AA5D2BEF155800229D50 /* Preview Assets.xcassets in Resources */,
				3EF0AA5A2BEF155800229D50 /* Assets.xcassets in Resources */,
			);
			runOnlyForDeploymentPostprocessing = 0;
		};
/* End PBXResourcesBuildPhase section */

/* Begin PBXSourcesBuildPhase section */
		3EE36F4C2BF0B1BE0067847B /* Sources */ = {
			isa = PBXSourcesBuildPhase;
			buildActionMask = 2147483647;
			files = (
				3EE36F5F2BF0DA990067847B /* AppFeatureTests.swift in Sources */,
				3EE36F532BF0B1BE0067847B /* CounterFeatureTests.swift in Sources */,
			);
			runOnlyForDeploymentPostprocessing = 0;
		};
		3EF0AA4E2BEF155300229D50 /* Sources */ = {
			isa = PBXSourcesBuildPhase;
			buildActionMask = 2147483647;
			files = (
				3EE36F5D2BF0D2BC0067847B /* AppFeature.swift in Sources */,
				3EE36F5B2BF0BB9E0067847B /* NumberFactClient.swift in Sources */,
				3EF0AA672BEF19D500229D50 /* CounterFeature.swift in Sources */,
				3EF0AA562BEF155300229D50 /* TCASampleApp.swift in Sources */,
			);
			runOnlyForDeploymentPostprocessing = 0;
		};
/* End PBXSourcesBuildPhase section */

/* Begin PBXTargetDependency section */
		3EE36F552BF0B1BE0067847B /* PBXTargetDependency */ = {
			isa = PBXTargetDependency;
			target = 3EF0AA512BEF155300229D50 /* TCASample */;
			targetProxy = 3EE36F542BF0B1BE0067847B /* PBXContainerItemProxy */;
		};
/* End PBXTargetDependency section */

/* Begin XCBuildConfiguration section */
		3EE36F562BF0B1BE0067847B /* Debug */ = {
			isa = XCBuildConfiguration;
			buildSettings = {
				BUNDLE_LOADER = "$(TEST_HOST)";
				CODE_SIGN_STYLE = Automatic;
				CURRENT_PROJECT_VERSION = 1;
				DEVELOPMENT_TEAM = U846247ZJT;
				GENERATE_INFOPLIST_FILE = YES;
				MARKETING_VERSION = 1.0;
				PRODUCT_BUNDLE_IDENTIFIER = com.sample.TCASampleTests;
				PRODUCT_NAME = "$(TARGET_NAME)";
				SWIFT_EMIT_LOC_STRINGS = NO;
				SWIFT_VERSION = 5.0;
				TARGETED_DEVICE_FAMILY = "1,2";
				TEST_HOST = "$(BUILT_PRODUCTS_DIR)/TCASample.app/$(BUNDLE_EXECUTABLE_FOLDER_PATH)/TCASample";
			};
			name = Debug;
		};
		3EE36F572BF0B1BE0067847B /* Release */ = {
			isa = XCBuildConfiguration;
			buildSettings = {
				BUNDLE_LOADER = "$(TEST_HOST)";
				CODE_SIGN_STYLE = Automatic;
				CURRENT_PROJECT_VERSION = 1;
				DEVELOPMENT_TEAM = U846247ZJT;
				GENERATE_INFOPLIST_FILE = YES;
				MARKETING_VERSION = 1.0;
				PRODUCT_BUNDLE_IDENTIFIER = com.sample.TCASampleTests;
				PRODUCT_NAME = "$(TARGET_NAME)";
				SWIFT_EMIT_LOC_STRINGS = NO;
				SWIFT_VERSION = 5.0;
				TARGETED_DEVICE_FAMILY = "1,2";
				TEST_HOST = "$(BUILT_PRODUCTS_DIR)/TCASample.app/$(BUNDLE_EXECUTABLE_FOLDER_PATH)/TCASample";
			};
			name = Release;
		};
		3EF0AA5E2BEF155800229D50 /* Debug */ = {
			isa = XCBuildConfiguration;
			buildSettings = {
				ALWAYS_SEARCH_USER_PATHS = NO;
				ASSETCATALOG_COMPILER_GENERATE_SWIFT_ASSET_SYMBOL_EXTENSIONS = YES;
				CLANG_ANALYZER_NONNULL = YES;
				CLANG_ANALYZER_NUMBER_OBJECT_CONVERSION = YES_AGGRESSIVE;
				CLANG_CXX_LANGUAGE_STANDARD = "gnu++20";
				CLANG_ENABLE_MODULES = YES;
				CLANG_ENABLE_OBJC_ARC = YES;
				CLANG_ENABLE_OBJC_WEAK = YES;
				CLANG_WARN_BLOCK_CAPTURE_AUTORELEASING = YES;
				CLANG_WARN_BOOL_CONVERSION = YES;
				CLANG_WARN_COMMA = YES;
				CLANG_WARN_CONSTANT_CONVERSION = YES;
				CLANG_WARN_DEPRECATED_OBJC_IMPLEMENTATIONS = YES;
				CLANG_WARN_DIRECT_OBJC_ISA_USAGE = YES_ERROR;
				CLANG_WARN_DOCUMENTATION_COMMENTS = YES;
				CLANG_WARN_EMPTY_BODY = YES;
				CLANG_WARN_ENUM_CONVERSION = YES;
				CLANG_WARN_INFINITE_RECURSION = YES;
				CLANG_WARN_INT_CONVERSION = YES;
				CLANG_WARN_NON_LITERAL_NULL_CONVERSION = YES;
				CLANG_WARN_OBJC_IMPLICIT_RETAIN_SELF = YES;
				CLANG_WARN_OBJC_LITERAL_CONVERSION = YES;
				CLANG_WARN_OBJC_ROOT_CLASS = YES_ERROR;
				CLANG_WARN_QUOTED_INCLUDE_IN_FRAMEWORK_HEADER = YES;
				CLANG_WARN_RANGE_LOOP_ANALYSIS = YES;
				CLANG_WARN_STRICT_PROTOTYPES = YES;
				CLANG_WARN_SUSPICIOUS_MOVE = YES;
				CLANG_WARN_UNGUARDED_AVAILABILITY = YES_AGGRESSIVE;
				CLANG_WARN_UNREACHABLE_CODE = YES;
				CLANG_WARN__DUPLICATE_METHOD_MATCH = YES;
				COPY_PHASE_STRIP = NO;
				DEBUG_INFORMATION_FORMAT = dwarf;
				ENABLE_STRICT_OBJC_MSGSEND = YES;
				ENABLE_TESTABILITY = YES;
				ENABLE_USER_SCRIPT_SANDBOXING = YES;
				GCC_C_LANGUAGE_STANDARD = gnu17;
				GCC_DYNAMIC_NO_PIC = NO;
				GCC_NO_COMMON_BLOCKS = YES;
				GCC_OPTIMIZATION_LEVEL = 0;
				GCC_PREPROCESSOR_DEFINITIONS = (
					"DEBUG=1",
					"$(inherited)",
				);
				GCC_WARN_64_TO_32_BIT_CONVERSION = YES;
				GCC_WARN_ABOUT_RETURN_TYPE = YES_ERROR;
				GCC_WARN_UNDECLARED_SELECTOR = YES;
				GCC_WARN_UNINITIALIZED_AUTOS = YES_AGGRESSIVE;
				GCC_WARN_UNUSED_FUNCTION = YES;
				GCC_WARN_UNUSED_VARIABLE = YES;
				IPHONEOS_DEPLOYMENT_TARGET = 17.0;
				LOCALIZATION_PREFERS_STRING_CATALOGS = YES;
				MTL_ENABLE_DEBUG_INFO = INCLUDE_SOURCE;
				MTL_FAST_MATH = YES;
				ONLY_ACTIVE_ARCH = YES;
				SDKROOT = iphoneos;
				SWIFT_ACTIVE_COMPILATION_CONDITIONS = "DEBUG $(inherited)";
				SWIFT_OPTIMIZATION_LEVEL = "-Onone";
			};
			name = Debug;
		};
		3EF0AA5F2BEF155800229D50 /* Release */ = {
			isa = XCBuildConfiguration;
			buildSettings = {
				ALWAYS_SEARCH_USER_PATHS = NO;
				ASSETCATALOG_COMPILER_GENERATE_SWIFT_ASSET_SYMBOL_EXTENSIONS = YES;
				CLANG_ANALYZER_NONNULL = YES;
				CLANG_ANALYZER_NUMBER_OBJECT_CONVERSION = YES_AGGRESSIVE;
				CLANG_CXX_LANGUAGE_STANDARD = "gnu++20";
				CLANG_ENABLE_MODULES = YES;
				CLANG_ENABLE_OBJC_ARC = YES;
				CLANG_ENABLE_OBJC_WEAK = YES;
				CLANG_WARN_BLOCK_CAPTURE_AUTORELEASING = YES;
				CLANG_WARN_BOOL_CONVERSION = YES;
				CLANG_WARN_COMMA = YES;
				CLANG_WARN_CONSTANT_CONVERSION = YES;
				CLANG_WARN_DEPRECATED_OBJC_IMPLEMENTATIONS = YES;
				CLANG_WARN_DIRECT_OBJC_ISA_USAGE = YES_ERROR;
				CLANG_WARN_DOCUMENTATION_COMMENTS = YES;
				CLANG_WARN_EMPTY_BODY = YES;
				CLANG_WARN_ENUM_CONVERSION = YES;
				CLANG_WARN_INFINITE_RECURSION = YES;
				CLANG_WARN_INT_CONVERSION = YES;
				CLANG_WARN_NON_LITERAL_NULL_CONVERSION = YES;
				CLANG_WARN_OBJC_IMPLICIT_RETAIN_SELF = YES;
				CLANG_WARN_OBJC_LITERAL_CONVERSION = YES;
				CLANG_WARN_OBJC_ROOT_CLASS = YES_ERROR;
				CLANG_WARN_QUOTED_INCLUDE_IN_FRAMEWORK_HEADER = YES;
				CLANG_WARN_RANGE_LOOP_ANALYSIS = YES;
				CLANG_WARN_STRICT_PROTOTYPES = YES;
				CLANG_WARN_SUSPICIOUS_MOVE = YES;
				CLANG_WARN_UNGUARDED_AVAILABILITY = YES_AGGRESSIVE;
				CLANG_WARN_UNREACHABLE_CODE = YES;
				CLANG_WARN__DUPLICATE_METHOD_MATCH = YES;
				COPY_PHASE_STRIP = NO;
				DEBUG_INFORMATION_FORMAT = "dwarf-with-dsym";
				ENABLE_NS_ASSERTIONS = NO;
				ENABLE_STRICT_OBJC_MSGSEND = YES;
				ENABLE_USER_SCRIPT_SANDBOXING = YES;
				GCC_C_LANGUAGE_STANDARD = gnu17;
				GCC_NO_COMMON_BLOCKS = YES;
				GCC_WARN_64_TO_32_BIT_CONVERSION = YES;
				GCC_WARN_ABOUT_RETURN_TYPE = YES_ERROR;
				GCC_WARN_UNDECLARED_SELECTOR = YES;
				GCC_WARN_UNINITIALIZED_AUTOS = YES_AGGRESSIVE;
				GCC_WARN_UNUSED_FUNCTION = YES;
				GCC_WARN_UNUSED_VARIABLE = YES;
				IPHONEOS_DEPLOYMENT_TARGET = 17.0;
				LOCALIZATION_PREFERS_STRING_CATALOGS = YES;
				MTL_ENABLE_DEBUG_INFO = NO;
				MTL_FAST_MATH = YES;
				SDKROOT = iphoneos;
				SWIFT_COMPILATION_MODE = wholemodule;
				VALIDATE_PRODUCT = YES;
			};
			name = Release;
		};
		3EF0AA612BEF155800229D50 /* Debug */ = {
			isa = XCBuildConfiguration;
			buildSettings = {
				ASSETCATALOG_COMPILER_APPICON_NAME = AppIcon;
				ASSETCATALOG_COMPILER_GLOBAL_ACCENT_COLOR_NAME = AccentColor;
				CODE_SIGN_STYLE = Automatic;
				CURRENT_PROJECT_VERSION = 1;
				DEVELOPMENT_ASSET_PATHS = "\"TCASample/Preview Content\"";
				DEVELOPMENT_TEAM = U846247ZJT;
				ENABLE_PREVIEWS = YES;
				GENERATE_INFOPLIST_FILE = YES;
				INFOPLIST_FILE = TCASample/Info.plist;
				INFOPLIST_KEY_UIApplicationSceneManifest_Generation = YES;
				INFOPLIST_KEY_UIApplicationSupportsIndirectInputEvents = YES;
				INFOPLIST_KEY_UILaunchScreen_Generation = YES;
				INFOPLIST_KEY_UISupportedInterfaceOrientations_iPad = "UIInterfaceOrientationPortrait UIInterfaceOrientationPortraitUpsideDown UIInterfaceOrientationLandscapeLeft UIInterfaceOrientationLandscapeRight";
				INFOPLIST_KEY_UISupportedInterfaceOrientations_iPhone = "UIInterfaceOrientationPortrait UIInterfaceOrientationLandscapeLeft UIInterfaceOrientationLandscapeRight";
				LD_RUNPATH_SEARCH_PATHS = (
					"$(inherited)",
					"@executable_path/Frameworks",
				);
				MARKETING_VERSION = 1.0;
				PRODUCT_BUNDLE_IDENTIFIER = com.sample.TCASample;
				PRODUCT_NAME = "$(TARGET_NAME)";
				SWIFT_EMIT_LOC_STRINGS = YES;
				SWIFT_VERSION = 5.0;
				TARGETED_DEVICE_FAMILY = "1,2";
			};
			name = Debug;
		};
		3EF0AA622BEF155800229D50 /* Release */ = {
			isa = XCBuildConfiguration;
			buildSettings = {
				ASSETCATALOG_COMPILER_APPICON_NAME = AppIcon;
				ASSETCATALOG_COMPILER_GLOBAL_ACCENT_COLOR_NAME = AccentColor;
				CODE_SIGN_STYLE = Automatic;
				CURRENT_PROJECT_VERSION = 1;
				DEVELOPMENT_ASSET_PATHS = "\"TCASample/Preview Content\"";
				DEVELOPMENT_TEAM = U846247ZJT;
				ENABLE_PREVIEWS = YES;
				GENERATE_INFOPLIST_FILE = YES;
				INFOPLIST_FILE = TCASample/Info.plist;
				INFOPLIST_KEY_UIApplicationSceneManifest_Generation = YES;
				INFOPLIST_KEY_UIApplicationSupportsIndirectInputEvents = YES;
				INFOPLIST_KEY_UILaunchScreen_Generation = YES;
				INFOPLIST_KEY_UISupportedInterfaceOrientations_iPad = "UIInterfaceOrientationPortrait UIInterfaceOrientationPortraitUpsideDown UIInterfaceOrientationLandscapeLeft UIInterfaceOrientationLandscapeRight";
				INFOPLIST_KEY_UISupportedInterfaceOrientations_iPhone = "UIInterfaceOrientationPortrait UIInterfaceOrientationLandscapeLeft UIInterfaceOrientationLandscapeRight";
				LD_RUNPATH_SEARCH_PATHS = (
					"$(inherited)",
					"@executable_path/Frameworks",
				);
				MARKETING_VERSION = 1.0;
				PRODUCT_BUNDLE_IDENTIFIER = com.sample.TCASample;
				PRODUCT_NAME = "$(TARGET_NAME)";
				SWIFT_EMIT_LOC_STRINGS = YES;
				SWIFT_VERSION = 5.0;
				TARGETED_DEVICE_FAMILY = "1,2";
			};
			name = Release;
		};
/* End XCBuildConfiguration section */

/* Begin XCConfigurationList section */
		3EE36F582BF0B1BE0067847B /* Build configuration list for PBXNativeTarget "TCASampleTests" */ = {
			isa = XCConfigurationList;
			buildConfigurations = (
				3EE36F562BF0B1BE0067847B /* Debug */,
				3EE36F572BF0B1BE0067847B /* Release */,
			);
			defaultConfigurationIsVisible = 0;
			defaultConfigurationName = Release;
		};
		3EF0AA4D2BEF155300229D50 /* Build configuration list for PBXProject "TCASample" */ = {
			isa = XCConfigurationList;
			buildConfigurations = (
				3EF0AA5E2BEF155800229D50 /* Debug */,
				3EF0AA5F2BEF155800229D50 /* Release */,
			);
			defaultConfigurationIsVisible = 0;
			defaultConfigurationName = Release;
		};
		3EF0AA602BEF155800229D50 /* Build configuration list for PBXNativeTarget "TCASample" */ = {
			isa = XCConfigurationList;
			buildConfigurations = (
				3EF0AA612BEF155800229D50 /* Debug */,
				3EF0AA622BEF155800229D50 /* Release */,
			);
			defaultConfigurationIsVisible = 0;
			defaultConfigurationName = Release;
		};
/* End XCConfigurationList section */

/* Begin XCRemoteSwiftPackageReference section */
		3EF0AA632BEF18C400229D50 /* XCRemoteSwiftPackageReference "swift-composable-architecture" */ = {
			isa = XCRemoteSwiftPackageReference;
			repositoryURL = "https://github.com/pointfreeco/swift-composable-architecture";
			requirement = {
				kind = upToNextMajorVersion;
				minimumVersion = 1.10.3;
			};
		};
/* End XCRemoteSwiftPackageReference section */

/* Begin XCSwiftPackageProductDependency section */
		3EF0AA642BEF18C400229D50 /* ComposableArchitecture */ = {
			isa = XCSwiftPackageProductDependency;
			package = 3EF0AA632BEF18C400229D50 /* XCRemoteSwiftPackageReference "swift-composable-architecture" */;
			productName = ComposableArchitecture;
		};
/* End XCSwiftPackageProductDependency section */
	};
	rootObject = 3EF0AA4A2BEF155300229D50 /* Project object */;
}
